
Microsoft Visual Studio Solution File, Format Version 12.00
# Visual Studio Version 17
VisualStudioVersion = 17.14.36511.14
MinimumVisualStudioVersion = 10.0.40219.1
Project("{FAE04EC0-301F-11D3-BF4B-00C04F79EFBC}") = "exercice_S1", "exercice_S1\exercice_S1.csproj", "{0AE2EE0D-CB42-47FE-A16E-DA80425EA99D}"
EndProject
Project("{2150E333-8FDC-42A3-9474-1A3956D46DE8}") = "Éléments de solution", "Éléments de solution", "{9C8CB701-102D-CF49-A3E0-89AC09D42C2C}"
EndProject
Project("{FAE04EC0-301F-11D3-BF4B-00C04F79EFBC}") = "Prj_Argent", "Prj_Argent\Prj_Argent.csproj", "{4699DA6B-0508-4B37-A08B-230159100B5A}"
EndProject
Project("{FAE04EC0-301F-11D3-BF4B-00C04F79EFBC}") = "Bataille_Navale_A_Coutard", "Bataille_Navale_A_Coutard\Bataille_Navale_A_Coutard.csproj", "{9971F4DC-120D-4B41-B614-C577598BC117}"
EndProject
Project("{FAE04EC0-301F-11D3-BF4B-00C04F79EFBC}") = "WpfApp", "..\..\Users\Formation\Downloads\WpfApp\WpfApp\WpfApp.csproj", "{E9D9AAF1-DC5C-E20C-0B32-E16933B0A7D5}"
EndProject
Project("{FAE04EC0-301F-11D3-BF4B-00C04F79EFBC}") = "Or", "Or\Or.csproj", "{8E58D626-3838-4CDA-8C69-B9C0386E35D2}"
EndProject
Global
	GlobalSection(SolutionConfigurationPlatforms) = preSolution
		Debug|Any CPU = Debug|Any CPU
		Release|Any CPU = Release|Any CPU
	EndGlobalSection
	GlobalSection(ProjectConfigurationPlatforms) = postSolution
		{0AE2EE0D-CB42-47FE-A16E-DA80425EA99D}.Debug|Any CPU.ActiveCfg = Debug|Any CPU
		{0AE2EE0D-CB42-47FE-A16E-DA80425EA99D}.Debug|Any CPU.Build.0 = Debug|Any CPU
		{0AE2EE0D-CB42-47FE-A16E-DA80425EA99D}.Release|Any CPU.ActiveCfg = Release|Any CPU
		{0AE2EE0D-CB42-47FE-A16E-DA80425EA99D}.Release|Any CPU.Build.0 = Release|Any CPU
		{4699DA6B-0508-4B37-A08B-230159100B5A}.Debug|Any CPU.ActiveCfg = Debug|Any CPU
		{4699DA6B-0508-4B37-A08B-230159100B5A}.Debug|Any CPU.Build.0 = Debug|Any CPU
		{4699DA6B-0508-4B37-A08B-230159100B5A}.Release|Any CPU.ActiveCfg = Release|Any CPU
		{4699DA6B-0508-4B37-A08B-230159100B5A}.Release|Any CPU.Build.0 = Release|Any CPU
		{9971F4DC-120D-4B41-B614-C577598BC117}.Debug|Any CPU.ActiveCfg = Debug|Any CPU
		{9971F4DC-120D-4B41-B614-C577598BC117}.Debug|Any CPU.Build.0 = Debug|Any CPU
		{9971F4DC-120D-4B41-B614-C577598BC117}.Release|Any CPU.ActiveCfg = Release|Any CPU
		{9971F4DC-120D-4B41-B614-C577598BC117}.Release|Any CPU.Build.0 = Release|Any CPU
		{E9D9AAF1-DC5C-E20C-0B32-E16933B0A7D5}.Debug|Any CPU.ActiveCfg = Debug|Any CPU
		{E9D9AAF1-DC5C-E20C-0B32-E16933B0A7D5}.Debug|Any CPU.Build.0 = Debug|Any CPU
		{E9D9AAF1-DC5C-E20C-0B32-E16933B0A7D5}.Release|Any CPU.ActiveCfg = Release|Any CPU
		{E9D9AAF1-DC5C-E20C-0B32-E16933B0A7D5}.Release|Any CPU.Build.0 = Release|Any CPU
		{8E58D626-3838-4CDA-8C69-B9C0386E35D2}.Debug|Any CPU.ActiveCfg = Debug|Any CPU
		{8E58D626-3838-4CDA-8C69-B9C0386E35D2}.Debug|Any CPU.Build.0 = Debug|Any CPU
		{8E58D626-3838-4CDA-8C69-B9C0386E35D2}.Release|Any CPU.ActiveCfg = Release|Any CPU
		{8E58D626-3838-4CDA-8C69-B9C0386E35D2}.Release|Any CPU.Build.0 = Release|Any CPU
	EndGlobalSection
	GlobalSection(SolutionProperties) = preSolution
		HideSolutionNode = FALSE
	EndGlobalSection
	GlobalSection(ExtensibilityGlobals) = postSolution
		SolutionGuid = {5BEA8A20-B258-4CBB-812F-D050A0E66EBB}
	EndGlobalSection
EndGlobal
